
Microsoft Visual Studio Solution File, Format Version 12.00
# Visual Studio Version 16
VisualStudioVersion = 16.0.31320.298
MinimumVisualStudioVersion = 10.0.40219.1
Project("{FAE04EC0-301F-11D3-BF4B-00C04F79EFBC}") = "Bimber.Android", "Bimber.Android\Bimber.Android.csproj", "{B80B3400-9E37-49A0-96C1-CCD78922FC68}"
EndProject
Project("{FAE04EC0-301F-11D3-BF4B-00C04F79EFBC}") = "Bimber.iOS", "Bimber.iOS\Bimber.iOS.csproj", "{BEDB2D71-947E-4ACC-97E1-2623CCB0EA65}"
EndProject
Project("{FAE04EC0-301F-11D3-BF4B-00C04F79EFBC}") = "Bimber", "Bimber\Bimber.csproj", "{D2BE10FE-6C48-47DE-A7A4-C7FBC44C091F}"
EndProject
Project("{2150E333-8FDC-42A3-9474-1A3956D46DE8}") = "Solution Items", "Solution Items", "{F3A3F6E8-9AD7-4E23-9CB0-5ED576AB1982}"
	ProjectSection(SolutionItems) = preProject
		..\.editorconfig = ..\.editorconfig
		..\Settings.XamlStyler = ..\Settings.XamlStyler
	EndProjectSection
EndProject
Global
	GlobalSection(SolutionConfigurationPlatforms) = preSolution
		Debug|Any CPU = Debug|Any CPU
		Debug|iPhone = Debug|iPhone
		Debug|iPhoneSimulator = Debug|iPhoneSimulator
		Release|Any CPU = Release|Any CPU
		Release|iPhone = Release|iPhone
		Release|iPhoneSimulator = Release|iPhoneSimulator
	EndGlobalSection
	GlobalSection(ProjectConfigurationPlatforms) = postSolution
		{B80B3400-9E37-49A0-96C1-CCD78922FC68}.Debug|Any CPU.ActiveCfg = Debug|Any CPU
		{B80B3400-9E37-49A0-96C1-CCD78922FC68}.Debug|Any CPU.Build.0 = Debug|Any CPU
		{B80B3400-9E37-49A0-96C1-CCD78922FC68}.Debug|Any CPU.Deploy.0 = Debug|Any CPU
		{B80B3400-9E37-49A0-96C1-CCD78922FC68}.Debug|iPhone.ActiveCfg = Debug|Any CPU
		{B80B3400-9E37-49A0-96C1-CCD78922FC68}.Debug|iPhone.Build.0 = Debug|Any CPU
		{B80B3400-9E37-49A0-96C1-CCD78922FC68}.Debug|iPhone.Deploy.0 = Debug|Any CPU
		{B80B3400-9E37-49A0-96C1-CCD78922FC68}.Debug|iPhoneSimulator.ActiveCfg = Debug|Any CPU
		{B80B3400-9E37-49A0-96C1-CCD78922FC68}.Debug|iPhoneSimulator.Build.0 = Debug|Any CPU
		{B80B3400-9E37-49A0-96C1-CCD78922FC68}.Debug|iPhoneSimulator.Deploy.0 = Debug|Any CPU
		{B80B3400-9E37-49A0-96C1-CCD78922FC68}.Release|Any CPU.ActiveCfg = Release|Any CPU
		{B80B3400-9E37-49A0-96C1-CCD78922FC68}.Release|Any CPU.Build.0 = Release|Any CPU
		{B80B3400-9E37-49A0-96C1-CCD78922FC68}.Release|Any CPU.Deploy.0 = Release|Any CPU
		{B80B3400-9E37-49A0-96C1-CCD78922FC68}.Release|iPhone.ActiveCfg = Release|Any CPU
		{B80B3400-9E37-49A0-96C1-CCD78922FC68}.Release|iPhone.Build.0 = Release|Any CPU
		{B80B3400-9E37-49A0-96C1-CCD78922FC68}.Release|iPhone.Deploy.0 = Release|Any CPU
		{B80B3400-9E37-49A0-96C1-CCD78922FC68}.Release|iPhoneSimulator.ActiveCfg = Release|Any CPU
		{B80B3400-9E37-49A0-96C1-CCD78922FC68}.Release|iPhoneSimulator.Build.0 = Release|Any CPU
		{B80B3400-9E37-49A0-96C1-CCD78922FC68}.Release|iPhoneSimulator.Deploy.0 = Release|Any CPU
		{BEDB2D71-947E-4ACC-97E1-2623CCB0EA65}.Debug|Any CPU.ActiveCfg = Debug|iPhone
		{BEDB2D71-947E-4ACC-97E1-2623CCB0EA65}.Debug|Any CPU.Build.0 = Debug|iPhone
		{BEDB2D71-947E-4ACC-97E1-2623CCB0EA65}.Debug|Any CPU.Deploy.0 = Debug|iPhone
		{BEDB2D71-947E-4ACC-97E1-2623CCB0EA65}.Debug|iPhone.ActiveCfg = Debug|iPhone
		{BEDB2D71-947E-4ACC-97E1-2623CCB0EA65}.Debug|iPhone.Build.0 = Debug|iPhone
		{BEDB2D71-947E-4ACC-97E1-2623CCB0EA65}.Debug|iPhone.Deploy.0 = Debug|iPhone
		{BEDB2D71-947E-4ACC-97E1-2623CCB0EA65}.Debug|iPhoneSimulator.ActiveCfg = Debug|iPhoneSimulator
		{BEDB2D71-947E-4ACC-97E1-2623CCB0EA65}.Debug|iPhoneSimulator.Build.0 = Debug|iPhoneSimulator
		{BEDB2D71-947E-4ACC-97E1-2623CCB0EA65}.Debug|iPhoneSimulator.Deploy.0 = Debug|iPhoneSimulator
		{BEDB2D71-947E-4ACC-97E1-2623CCB0EA65}.Release|Any CPU.ActiveCfg = Release|iPhoneSimulator
		{BEDB2D71-947E-4ACC-97E1-2623CCB0EA65}.Release|Any CPU.Build.0 = Release|iPhoneSimulator
		{BEDB2D71-947E-4ACC-97E1-2623CCB0EA65}.Release|Any CPU.Deploy.0 = Release|iPhoneSimulator
		{BEDB2D71-947E-4ACC-97E1-2623CCB0EA65}.Release|iPhone.ActiveCfg = Release|iPhone
		{BEDB2D71-947E-4ACC-97E1-2623CCB0EA65}.Release|iPhone.Build.0 = Release|iPhone
		{BEDB2D71-947E-4ACC-97E1-2623CCB0EA65}.Release|iPhone.Deploy.0 = Release|iPhone
		{BEDB2D71-947E-4ACC-97E1-2623CCB0EA65}.Release|iPhoneSimulator.ActiveCfg = Release|iPhoneSimulator
		{BEDB2D71-947E-4ACC-97E1-2623CCB0EA65}.Release|iPhoneSimulator.Build.0 = Release|iPhoneSimulator
		{BEDB2D71-947E-4ACC-97E1-2623CCB0EA65}.Release|iPhoneSimulator.Deploy.0 = Release|iPhoneSimulator
		{D2BE10FE-6C48-47DE-A7A4-C7FBC44C091F}.Debug|Any CPU.ActiveCfg = Debug|Any CPU
		{D2BE10FE-6C48-47DE-A7A4-C7FBC44C091F}.Debug|Any CPU.Build.0 = Debug|Any CPU
		{D2BE10FE-6C48-47DE-A7A4-C7FBC44C091F}.Debug|Any CPU.Deploy.0 = Debug|Any CPU
		{D2BE10FE-6C48-47DE-A7A4-C7FBC44C091F}.Debug|iPhone.ActiveCfg = Debug|Any CPU
		{D2BE10FE-6C48-47DE-A7A4-C7FBC44C091F}.Debug|iPhone.Build.0 = Debug|Any CPU
		{D2BE10FE-6C48-47DE-A7A4-C7FBC44C091F}.Debug|iPhone.Deploy.0 = Debug|Any CPU
		{D2BE10FE-6C48-47DE-A7A4-C7FBC44C091F}.Debug|iPhoneSimulator.ActiveCfg = Debug|Any CPU
		{D2BE10FE-6C48-47DE-A7A4-C7FBC44C091F}.Debug|iPhoneSimulator.Build.0 = Debug|Any CPU
		{D2BE10FE-6C48-47DE-A7A4-C7FBC44C091F}.Debug|iPhoneSimulator.Deploy.0 = Debug|Any CPU
		{D2BE10FE-6C48-47DE-A7A4-C7FBC44C091F}.Release|Any CPU.ActiveCfg = Release|Any CPU
		{D2BE10FE-6C48-47DE-A7A4-C7FBC44C091F}.Release|Any CPU.Build.0 = Release|Any CPU
		{D2BE10FE-6C48-47DE-A7A4-C7FBC44C091F}.Release|Any CPU.Deploy.0 = Release|Any CPU
		{D2BE10FE-6C48-47DE-A7A4-C7FBC44C091F}.Release|iPhone.ActiveCfg = Release|Any CPU
		{D2BE10FE-6C48-47DE-A7A4-C7FBC44C091F}.Release|iPhone.Build.0 = Release|Any CPU
		{D2BE10FE-6C48-47DE-A7A4-C7FBC44C091F}.Release|iPhone.Deploy.0 = Release|Any CPU
		{D2BE10FE-6C48-47DE-A7A4-C7FBC44C091F}.Release|iPhoneSimulator.ActiveCfg = Release|Any CPU
		{D2BE10FE-6C48-47DE-A7A4-C7FBC44C091F}.Release|iPhoneSimulator.Build.0 = Release|Any CPU
		{D2BE10FE-6C48-47DE-A7A4-C7FBC44C091F}.Release|iPhoneSimulator.Deploy.0 = Release|Any CPU
	EndGlobalSection
	GlobalSection(SolutionProperties) = preSolution
		HideSolutionNode = FALSE
	EndGlobalSection
	GlobalSection(ExtensibilityGlobals) = postSolution
		SolutionGuid = {26BE0094-BAD8-4B99-ADA6-9F6215CC97E2}
	EndGlobalSection
EndGlobal
